<?xml version="1.0" encoding="utf-8"?>
<Project ToolsVersion="4.0" xmlns="http://schemas.microsoft.com/developer/msbuild/2003">
  <ItemGroup>
    <Filter Include="Source">
      <UniqueIdentifier>{c96c4832-c254-43f1-82d9-e78b9346b762}</UniqueIdentifier>
    </Filter>
    <Filter Include="Headers">
      <UniqueIdentifier>{513f49e3-bb15-46c8-87c8-38fccc4e5d45}</UniqueIdentifier>
    </Filter>
  </ItemGroup>
  <ItemGroup>
    <ClCompile Include="Source\Generator.cpp">
      <Filter>Source</Filter>
    </ClCompile>
    <ClCompile Include="Source\Network.cpp">
      <Filter>Source</Filter>
    </ClCompile>
    <ClCompile Include="Source\Random.cpp">
      <Filter>Source</Filter>
    </ClCompile>
    <ClCompile Include="Source\Trial.cpp">
      <Filter>Source</Filter>
    </ClCompile>
    <ClCompile Include="Source\Node.cpp">
      <Filter>Source</Filter>
    </ClCompile>
    <ClCompile Include="Source\InternalConnexion.cpp">
      <Filter>Source</Filter>
    </ClCompile>
    <ClCompile Include="Source\main.cpp">
      <Filter>Source</Filter>
    </ClCompile>
  </ItemGroup>
  <ItemGroup>
    <ClInclude Include="Source\config.h">
      <Filter>Headers</Filter>
    </ClInclude>
    <ClInclude Include="Source\Generator.h">
      <Filter>Headers</Filter>
    </ClInclude>
    <ClInclude Include="Source\Network.h">
      <Filter>Headers</Filter>
    </ClInclude>
    <ClInclude Include="Source\Random.h">
      <Filter>Headers</Filter>
    </ClInclude>
    <ClInclude Include="Source\TorchNNs.h">
      <Filter>Headers</Filter>
    </ClInclude>
    <ClInclude Include="Source\Trial.h">
      <Filter>Headers</Filter>
    </ClInclude>
    <ClInclude Include="Source\Node.h">
      <Filter>Headers</Filter>
    </ClInclude>
    <ClInclude Include="Source\InternalConnexion.h">
      <Filter>Headers</Filter>
    </ClInclude>
  </ItemGroup>
</Project>